lockfileVersion: '6.0'

settings:
  autoInstallPeers: true
  excludeLinksFromLockfile: false

dependencies:
  '@types/chrome':
    specifier: 0.0.81
    version: 0.0.81

packages:

  /@types/chrome@0.0.81:
    resolution: {integrity: sha512-NKkQGMJSppFwUwMbEbYcq8/p/ACVHmQCUpWaqJVdHn81tU3by+YXnxw86KFa0tUSLamu35wtzFaMyY4TFaMceQ==}
    dependencies:
      '@types/filesystem': 0.0.36
    dev: false

  /@types/filesystem@0.0.36:
    resolution: {integrity: sha512-vPDXOZuannb9FZdxgHnqSwAG/jvdGM8Wq+6N4D/d80z+D4HWH+bItqsZaVRQykAn6WEVeEkLm2oQigyHtgb0RA==}
    dependencies:
      '@types/filewriter': 0.0.33
    dev: false

  /@types/filewriter@0.0.33:
    resolution: {integrity: sha512-xFU8ZXTw4gd358lb2jw25nxY9QAgqn2+bKKjKOYfNCzN4DKCFetK7sPtrlpg66Ywe3vWY9FNxprZawAh9wfJ3g==}
    dev: false
